
Microsoft Visual Studio Solution File, Format Version 12.00
# Visual Studio Version 16
VisualStudioVersion = 16.0.30907.101
MinimumVisualStudioVersion = 10.0.40219.1
Project("{FAE04EC0-301F-11D3-BF4B-00C04F79EFBC}") = "WebAPI_React_Client", "WebAPI_React_Client\WebAPI_React_Client.csproj", "{AB0C881D-A324-4580-90EC-B08C890F0132}"
EndProject
Global
	GlobalSection(SolutionConfigurationPlatforms) = preSolution
		Debug|Any CPU = Debug|Any CPU
		Release|Any CPU = Release|Any CPU
	EndGlobalSection
	GlobalSection(ProjectConfigurationPlatforms) = postSolution
		{AB0C881D-A324-4580-90EC-B08C890F0132}.Debug|Any CPU.ActiveCfg = Debug|Any CPU
		{AB0C881D-A324-4580-90EC-B08C890F0132}.Debug|Any CPU.Build.0 = Debug|Any CPU
		{AB0C881D-A324-4580-90EC-B08C890F0132}.Release|Any CPU.ActiveCfg = Release|Any CPU
		{AB0C881D-A324-4580-90EC-B08C890F0132}.Release|Any CPU.Build.0 = Release|Any CPU
	EndGlobalSection
	GlobalSection(SolutionProperties) = preSolution
		HideSolutionNode = FALSE
	EndGlobalSection
	GlobalSection(ExtensibilityGlobals) = postSolution
		SolutionGuid = {D35F5EB7-0117-4BCB-8343-E38EC97EB892}
	EndGlobalSection
EndGlobal
